// !$*UTF8*$!
{
	archiveVersion = 1;
	classes = {
	};
	objectVersion = 46;
	objects = {

/* Begin PBXBuildFile section */
		CFE4D4C51DEBEF74005E96D8 /* AppDelegate.swift in Sources */ = {isa = PBXBuildFile; fileRef = CFE4D4C41DEBEF74005E96D8 /* AppDelegate.swift */; };
		CFE4D4C71DEBEF74005E96D8 /* ViewController.swift in Sources */ = {isa = PBXBuildFile; fileRef = CFE4D4C61DEBEF74005E96D8 /* ViewController.swift */; };
		CFE4D4CA1DEBEF74005E96D8 /* Main.storyboard in Resources */ = {isa = PBXBuildFile; fileRef = CFE4D4C81DEBEF74005E96D8 /* Main.storyboard */; };
		CFE4D4CC1DEBEF74005E96D8 /* Assets.xcassets in Resources */ = {isa = PBXBuildFile; fileRef = CFE4D4CB1DEBEF74005E96D8 /* Assets.xcassets */; };
		CFE4D4CF1DEBEF74005E96D8 /* LaunchScreen.storyboard in Resources */ = {isa = PBXBuildFile; fileRef = CFE4D4CD1DEBEF74005E96D8 /* LaunchScreen.storyboard */; };
		CFE4D4DA1DEC044A005E96D8 /* ProgressBarDraw.swift in Sources */ = {isa = PBXBuildFile; fileRef = CFE4D4D91DEC044A005E96D8 /* ProgressBarDraw.swift */; };
		CFE4D4DC1DEC056C005E96D8 /* ProgressBarView.swift in Sources */ = {isa = PBXBuildFile; fileRef = CFE4D4DB1DEC056C005E96D8 /* ProgressBarView.swift */; };
/* End PBXBuildFile section */

/* Begin PBXFileReference section */
		CFE4D4C11DEBEF74005E96D8 /* ProgressBarTest.app */ = {isa = PBXFileReference; explicitFileType = wrapper.application; includeInIndex = 0; path = ProgressBarTest.app; sourceTree = BUILT_PRODUCTS_DIR; };
		CFE4D4C41DEBEF74005E96D8 /* AppDelegate.swift */ = {isa = PBXFileReference; lastKnownFileType = sourcecode.swift; path = AppDelegate.swift; sourceTree = "<group>"; };
		CFE4D4C61DEBEF74005E96D8 /* ViewController.swift */ = {isa = PBXFileReference; lastKnownFileType = sourcecode.swift; path = ViewController.swift; sourceTree = "<group>"; };
		CFE4D4C91DEBEF74005E96D8 /* Base */ = {isa = PBXFileReference; lastKnownFileType = file.storyboard; name = Base; path = Base.lproj/Main.storyboard; sourceTree = "<group>"; };
		CFE4D4CB1DEBEF74005E96D8 /* Assets.xcassets */ = {isa = PBXFileReference; lastKnownFileType = folder.assetcatalog; path = Assets.xcassets; sourceTree = "<group>"; };
		CFE4D4CE1DEBEF74005E96D8 /* Base */ = {isa = PBXFileReference; lastKnownFileType = file.storyboard; name = Base; path = Base.lproj/LaunchScreen.storyboard; sourceTree = "<group>"; };
		CFE4D4D01DEBEF74005E96D8 /* Info.plist */ = {isa = PBXFileReference; lastKnownFileType = text.plist.xml; path = Info.plist; sourceTree = "<group>"; };
		CFE4D4D91DEC044A005E96D8 /* ProgressBarDraw.swift */ = {isa = PBXFileReference; fileEncoding = 4; lastKnownFileType = sourcecode.swift; path = ProgressBarDraw.swift; sourceTree = "<group>"; };
		CFE4D4DB1DEC056C005E96D8 /* ProgressBarView.swift */ = {isa = PBXFileReference; fileEncoding = 4; lastKnownFileType = sourcecode.swift; path = ProgressBarView.swift; sourceTree = "<group>"; };
/* End PBXFileReference section */

/* Begin PBXFrameworksBuildPhase section */
		CFE4D4BE1DEBEF74005E96D8 /* Frameworks */ = {
			isa = PBXFrameworksBuildPhase;
			buildActionMask = 2147483647;
			files = (
			);
			runOnlyForDeploymentPostprocessing = 0;
		};
/* End PBXFrameworksBuildPhase section */

/* Begin PBXGroup section */
		CFE4D4B81DEBEF74005E96D8 = {
			isa = PBXGroup;
			children = (
				CFE4D4C31DEBEF74005E96D8 /* ProgressBarTest */,
				CFE4D4C21DEBEF74005E96D8 /* Products */,
			);
			sourceTree = "<group>";
		};
		CFE4D4C21DEBEF74005E96D8 /* Products */ = {
			isa = PBXGroup;
			children = (
				CFE4D4C11DEBEF74005E96D8 /* ProgressBarTest.app */,
			);
			name = Products;
			sourceTree = "<group>";
		};
		CFE4D4C31DEBEF74005E96D8 /* ProgressBarTest */ = {
			isa = PBXGroup;
			children = (
				CFE4D4D61DEC03F0005E96D8 /* Model */,
				CFE4D4D71DEC03F5005E96D8 /* View */,
				CFE4D4D81DEC03FA005E96D8 /* Controller */,
				CFE4D4C41DEBEF74005E96D8 /* AppDelegate.swift */,
				CFE4D4C61DEBEF74005E96D8 /* ViewController.swift */,
				CFE4D4C81DEBEF74005E96D8 /* Main.storyboard */,
				CFE4D4CB1DEBEF74005E96D8 /* Assets.xcassets */,
				CFE4D4CD1DEBEF74005E96D8 /* LaunchScreen.storyboard */,
				CFE4D4D01DEBEF74005E96D8 /* Info.plist */,
			);
			path = ProgressBarTest;
			sourceTree = "<group>";
		};
		CFE4D4D61DEC03F0005E96D8 /* Model */ = {
			isa = PBXGroup;
			children = (
			);
			name = Model;
			sourceTree = "<group>";
		};
		CFE4D4D71DEC03F5005E96D8 /* View */ = {
			isa = PBXGroup;
			children = (
				CFE4D4D91DEC044A005E96D8 /* ProgressBarDraw.swift */,
				CFE4D4DB1DEC056C005E96D8 /* ProgressBarView.swift */,
			);
			name = View;
			sourceTree = "<group>";
		};
		CFE4D4D81DEC03FA005E96D8 /* Controller */ = {
			isa = PBXGroup;
			children = (
			);
			name = Controller;
			sourceTree = "<group>";
		};
/* End PBXGroup section */

/* Begin PBXNativeTarget section */
		CFE4D4C01DEBEF74005E96D8 /* ProgressBarTest */ = {
			isa = PBXNativeTarget;
			buildConfigurationList = CFE4D4D31DEBEF74005E96D8 /* Build configuration list for PBXNativeTarget "ProgressBarTest" */;
			buildPhases = (
				CFE4D4BD1DEBEF74005E96D8 /* Sources */,
				CFE4D4BE1DEBEF74005E96D8 /* Frameworks */,
				CFE4D4BF1DEBEF74005E96D8 /* Resources */,
			);
			buildRules = (
			);
			dependencies = (
			);
			name = ProgressBarTest;
			productName = ProgressBarTest;
			productReference = CFE4D4C11DEBEF74005E96D8 /* ProgressBarTest.app */;
			productType = "com.apple.product-type.application";
		};
/* End PBXNativeTarget section */

/* Begin PBXProject section */
		CFE4D4B91DEBEF74005E96D8 /* Project object */ = {
			isa = PBXProject;
			attributes = {
				LastSwiftUpdateCheck = 0810;
				LastUpgradeCheck = 0810;
				ORGANIZATIONNAME = "Rohan Thomas";
				TargetAttributes = {
					CFE4D4C01DEBEF74005E96D8 = {
						CreatedOnToolsVersion = 8.1;
						DevelopmentTeam = J24WG7Z3CB;
						ProvisioningStyle = Automatic;
					};
				};
			};
			buildConfigurationList = CFE4D4BC1DEBEF74005E96D8 /* Build configuration list for PBXProject "ProgressBarTest" */;
			compatibilityVersion = "Xcode 3.2";
			developmentRegion = English;
			hasScannedForEncodings = 0;
			knownRegions = (
				en,
				Base,
			);
			mainGroup = CFE4D4B81DEBEF74005E96D8;
			productRefGroup = CFE4D4C21DEBEF74005E96D8 /* Products */;
			projectDirPath = "";
			projectRoot = "";
			targets = (
				CFE4D4C01DEBEF74005E96D8 /* ProgressBarTest */,
			);
		};
/* End PBXProject section */

/* Begin PBXResourcesBuildPhase section */
		CFE4D4BF1DEBEF74005E96D8 /* Resources */ = {
			isa = PBXResourcesBuildPhase;
			buildActionMask = 2147483647;
			files = (
				CFE4D4CF1DEBEF74005E96D8 /* LaunchScreen.storyboard in Resources */,
				CFE4D4CC1DEBEF74005E96D8 /* Assets.xcassets in Resources */,
				CFE4D4CA1DEBEF74005E96D8 /* Main.storyboard in Resources */,
			);
			runOnlyForDeploymentPostprocessing = 0;
		};
/* End PBXResourcesBuildPhase section */

/* Begin PBXSourcesBuildPhase section */
		CFE4D4BD1DEBEF74005E96D8 /* Sources */ = {
			isa = PBXSourcesBuildPhase;
			buildActionMask = 2147483647;
			files = (
				CFE4D4DA1DEC044A005E96D8 /* ProgressBarDraw.swift in Sources */,
				CFE4D4DC1DEC056C005E96D8 /* ProgressBarView.swift in Sources */,
				CFE4D4C71DEBEF74005E96D8 /* ViewController.swift in Sources */,
				CFE4D4C51DEBEF74005E96D8 /* AppDelegate.swift in Sources */,
			);
			runOnlyForDeploymentPostprocessing = 0;
		};
/* End PBXSourcesBuildPhase section */

/* Begin PBXVariantGroup section */
		CFE4D4C81DEBEF74005E96D8 /* Main.storyboard */ = {
			isa = PBXVariantGroup;
			children = (
				CFE4D4C91DEBEF74005E96D8 /* Base */,
			);
			name = Main.storyboard;
			sourceTree = "<group>";
		};
		CFE4D4CD1DEBEF74005E96D8 /* LaunchScreen.storyboard */ = {
			isa = PBXVariantGroup;
			children = (
				CFE4D4CE1DEBEF74005E96D8 /* Base */,
			);
			name = LaunchScreen.storyboard;
			sourceTree = "<group>";
		};
/* End PBXVariantGroup section */

/* Begin XCBuildConfiguration section */
		CFE4D4D11DEBEF74005E96D8 /* Debug */ = {
			isa = XCBuildConfiguration;
			buildSettings = {
				ALWAYS_SEARCH_USER_PATHS = NO;
				CLANG_ANALYZER_NONNULL = YES;
				CLANG_CXX_LANGUAGE_STANDARD = "gnu++0x";
				CLANG_CXX_LIBRARY = "libc++";
				CLANG_ENABLE_MODULES = YES;
				CLANG_ENABLE_OBJC_ARC = YES;
				CLANG_WARN_BOOL_CONVERSION = YES;
				CLANG_WARN_CONSTANT_CONVERSION = YES;
				CLANG_WARN_DIRECT_OBJC_ISA_USAGE = YES_ERROR;
				CLANG_WARN_DOCUMENTATION_COMMENTS = YES;
				CLANG_WARN_EMPTY_BODY = YES;
				CLANG_WARN_ENUM_CONVERSION = YES;
				CLANG_WARN_INFINITE_RECURSION = YES;
				CLANG_WARN_INT_CONVERSION = YES;
				CLANG_WARN_OBJC_ROOT_CLASS = YES_ERROR;
				CLANG_WARN_SUSPICIOUS_MOVES = YES;
				CLANG_WARN_UNREACHABLE_CODE = YES;
				CLANG_WARN__DUPLICATE_METHOD_MATCH = YES;
				"CODE_SIGN_IDENTITY[sdk=iphoneos*]" = "iPhone Developer";
				COPY_PHASE_STRIP = NO;
				DEBUG_INFORMATION_FORMAT = dwarf;
				ENABLE_STRICT_OBJC_MSGSEND = YES;
				ENABLE_TESTABILITY = YES;
				GCC_C_LANGUAGE_STANDARD = gnu99;
				GCC_DYNAMIC_NO_PIC = NO;
				GCC_NO_COMMON_BLOCKS = YES;
				GCC_OPTIMIZATION_LEVEL = 0;
				GCC_PREPROCESSOR_DEFINITIONS = (
					"DEBUG=1",
					"$(inherited)",
				);
				GCC_WARN_64_TO_32_BIT_CONVERSION = YES;
				GCC_WARN_ABOUT_RETURN_TYPE = YES_ERROR;
				GCC_WARN_UNDECLARED_SELECTOR = YES;
				GCC_WARN_UNINITIALIZED_AUTOS = YES_AGGRESSIVE;
				GCC_WARN_UNUSED_FUNCTION = YES;
				GCC_WARN_UNUSED_VARIABLE = YES;
				IPHONEOS_DEPLOYMENT_TARGET = 10.1;
				MTL_ENABLE_DEBUG_INFO = YES;
				ONLY_ACTIVE_ARCH = YES;
				SDKROOT = iphoneos;
				SWIFT_ACTIVE_COMPILATION_CONDITIONS = DEBUG;
				SWIFT_OPTIMIZATION_LEVEL = "-Onone";
				TARGETED_DEVICE_FAMILY = "1,2";
			};
			name = Debug;
		};
		CFE4D4D21DEBEF74005E96D8 /* Release */ = {
			isa = XCBuildConfiguration;
			buildSettings = {
				ALWAYS_SEARCH_USER_PATHS = NO;
				CLANG_ANALYZER_NONNULL = YES;
				CLANG_CXX_LANGUAGE_STANDARD = "gnu++0x";
				CLANG_CXX_LIBRARY = "libc++";
				CLANG_ENABLE_MODULES = YES;
				CLANG_ENABLE_OBJC_ARC = YES;
				CLANG_WARN_BOOL_CONVERSION = YES;
				CLANG_WARN_CONSTANT_CONVERSION = YES;
				CLANG_WARN_DIRECT_OBJC_ISA_USAGE = YES_ERROR;
				CLANG_WARN_DOCUMENTATION_COMMENTS = YES;
				CLANG_WARN_EMPTY_BODY = YES;
				CLANG_WARN_ENUM_CONVERSION = YES;
				CLANG_WARN_INFINITE_RECURSION = YES;
				CLANG_WARN_INT_CONVERSION = YES;
				CLANG_WARN_OBJC_ROOT_CLASS = YES_ERROR;
				CLANG_WARN_SUSPICIOUS_MOVES = YES;
				CLANG_WARN_UNREACHABLE_CODE = YES;
				CLANG_WARN__DUPLICATE_METHOD_MATCH = YES;
				"CODE_SIGN_IDENTITY[sdk=iphoneos*]" = "iPhone Developer";
				COPY_PHASE_STRIP = NO;
				DEBUG_INFORMATION_FORMAT = "dwarf-with-dsym";
				ENABLE_NS_ASSERTIONS = NO;
				ENABLE_STRICT_OBJC_MSGSEND = YES;
				GCC_C_LANGUAGE_STANDARD = gnu99;
				GCC_NO_COMMON_BLOCKS = YES;
				GCC_WARN_64_TO_32_BIT_CONVERSION = YES;
				GCC_WARN_ABOUT_RETURN_TYPE = YES_ERROR;
				GCC_WARN_UNDECLARED_SELECTOR = YES;
				GCC_WARN_UNINITIALIZED_AUTOS = YES_AGGRESSIVE;
				GCC_WARN_UNUSED_FUNCTION = YES;
				GCC_WARN_UNUSED_VARIABLE = YES;
				IPHONEOS_DEPLOYMENT_TARGET = 10.1;
				MTL_ENABLE_DEBUG_INFO = NO;
				SDKROOT = iphoneos;
				SWIFT_OPTIMIZATION_LEVEL = "-Owholemodule";
				TARGETED_DEVICE_FAMILY = "1,2";
				VALIDATE_PRODUCT = YES;
			};
			name = Release;
		};
		CFE4D4D41DEBEF74005E96D8 /* Debug */ = {
			isa = XCBuildConfiguration;
			buildSettings = {
				ASSETCATALOG_COMPILER_APPICON_NAME = AppIcon;
				DEVELOPMENT_TEAM = J24WG7Z3CB;
				INFOPLIST_FILE = ProgressBarTest/Info.plist;
				LD_RUNPATH_SEARCH_PATHS = "$(inherited) @executable_path/Frameworks";
				PRODUCT_BUNDLE_IDENTIFIER = com.rohan.ProgressBarTest;
				PRODUCT_NAME = "$(TARGET_NAME)";
				SWIFT_VERSION = 3.0;
			};
			name = Debug;
		};
		CFE4D4D51DEBEF74005E96D8 /* Release */ = {
			isa = XCBuildConfiguration;
			buildSettings = {
				ASSETCATALOG_COMPILER_APPICON_NAME = AppIcon;
				DEVELOPMENT_TEAM = J24WG7Z3CB;
				INFOPLIST_FILE = ProgressBarTest/Info.plist;
				LD_RUNPATH_SEARCH_PATHS = "$(inherited) @executable_path/Frameworks";
				PRODUCT_BUNDLE_IDENTIFIER = com.rohan.ProgressBarTest;
				PRODUCT_NAME = "$(TARGET_NAME)";
				SWIFT_VERSION = 3.0;
			};
			name = Release;
		};
/* End XCBuildConfiguration section */

/* Begin XCConfigurationList section */
		CFE4D4BC1DEBEF74005E96D8 /* Build configuration list for PBXProject "ProgressBarTest" */ = {
			isa = XCConfigurationList;
			buildConfigurations = (
				CFE4D4D11DEBEF74005E96D8 /* Debug */,
				CFE4D4D21DEBEF74005E96D8 /* Release */,
			);
			defaultConfigurationIsVisible = 0;
			defaultConfigurationName = Release;
		};
		CFE4D4D31DEBEF74005E96D8 /* Build configuration list for PBXNativeTarget "ProgressBarTest" */ = {
			isa = XCConfigurationList;
			buildConfigurations = (
				CFE4D4D41DEBEF74005E96D8 /* Debug */,
				CFE4D4D51DEBEF74005E96D8 /* Release */,
			);
			defaultConfigurationIsVisible = 0;
		};
/* End XCConfigurationList section */
	};
	rootObject = CFE4D4B91DEBEF74005E96D8 /* Project object */;
}
